{
  "name": "webapp",
  "lockfileVersion": 3,
  "requires": true,
  "packages": {
    "": {
      "dependencies": {
        "india-pincode-finder": "^1.1.0"
      }
    },
    "node_modules/india-pincode-finder": {
      "version": "1.1.0",
      "resolved": "https://registry.npmjs.org/india-pincode-finder/-/india-pincode-finder-1.1.0.tgz",
      "integrity": "sha512-73BKwj7AtjbEK7cMDd8aMnz6NdVmiWbsq4i/eZM/YmuV4srPyrFJ25RusPADRvv4yGWCW88KR0OwTUa1oozC4g=="
    }
  }
}
